
Microsoft Visual Studio Solution File, Format Version 12.00
# Visual Studio Version 17
VisualStudioVersion = 17.7.34202.233
MinimumVisualStudioVersion = 10.0.40219.1
Project("{9A19103F-16F7-4668-BE54-9A1E7A4F7556}") = "01.Library", "01.Library\01.Library.csproj", "{125CA9F7-7B9B-4F1F-AA92-E797D2FDD37A}"
EndProject
Project("{9A19103F-16F7-4668-BE54-9A1E7A4F7556}") = "02.LibraryIterator", "02.LibraryIterator\02.LibraryIterator.csproj", "{76ADC43A-2B24-4377-8270-039BBA03F20B}"
EndProject
Project("{FAE04EC0-301F-11D3-BF4B-00C04F79EFBC}") = "03.ComparableBook", "03.ComparableBook\03.ComparableBook.csproj", "{8F88B950-94A3-4B25-8C28-46176A71BB42}"
EndProject
Project("{FAE04EC0-301F-11D3-BF4B-00C04F79EFBC}") = "04.BookComparer", "04.BookComparer\04.BookComparer.csproj", "{5A01658C-B233-4AAA-964E-DFEA8B5C834D}"
EndProject
Global
	GlobalSection(SolutionConfigurationPlatforms) = preSolution
		Debug|Any CPU = Debug|Any CPU
		Release|Any CPU = Release|Any CPU
	EndGlobalSection
	GlobalSection(ProjectConfigurationPlatforms) = postSolution
		{125CA9F7-7B9B-4F1F-AA92-E797D2FDD37A}.Debug|Any CPU.ActiveCfg = Debug|Any CPU
		{125CA9F7-7B9B-4F1F-AA92-E797D2FDD37A}.Debug|Any CPU.Build.0 = Debug|Any CPU
		{125CA9F7-7B9B-4F1F-AA92-E797D2FDD37A}.Release|Any CPU.ActiveCfg = Release|Any CPU
		{125CA9F7-7B9B-4F1F-AA92-E797D2FDD37A}.Release|Any CPU.Build.0 = Release|Any CPU
		{76ADC43A-2B24-4377-8270-039BBA03F20B}.Debug|Any CPU.ActiveCfg = Debug|Any CPU
		{76ADC43A-2B24-4377-8270-039BBA03F20B}.Debug|Any CPU.Build.0 = Debug|Any CPU
		{76ADC43A-2B24-4377-8270-039BBA03F20B}.Release|Any CPU.ActiveCfg = Release|Any CPU
		{76ADC43A-2B24-4377-8270-039BBA03F20B}.Release|Any CPU.Build.0 = Release|Any CPU
		{8F88B950-94A3-4B25-8C28-46176A71BB42}.Debug|Any CPU.ActiveCfg = Debug|Any CPU
		{8F88B950-94A3-4B25-8C28-46176A71BB42}.Debug|Any CPU.Build.0 = Debug|Any CPU
		{8F88B950-94A3-4B25-8C28-46176A71BB42}.Release|Any CPU.ActiveCfg = Release|Any CPU
		{8F88B950-94A3-4B25-8C28-46176A71BB42}.Release|Any CPU.Build.0 = Release|Any CPU
		{5A01658C-B233-4AAA-964E-DFEA8B5C834D}.Debug|Any CPU.ActiveCfg = Debug|Any CPU
		{5A01658C-B233-4AAA-964E-DFEA8B5C834D}.Debug|Any CPU.Build.0 = Debug|Any CPU
		{5A01658C-B233-4AAA-964E-DFEA8B5C834D}.Release|Any CPU.ActiveCfg = Release|Any CPU
		{5A01658C-B233-4AAA-964E-DFEA8B5C834D}.Release|Any CPU.Build.0 = Release|Any CPU
	EndGlobalSection
	GlobalSection(SolutionProperties) = preSolution
		HideSolutionNode = FALSE
	EndGlobalSection
	GlobalSection(ExtensibilityGlobals) = postSolution
		SolutionGuid = {CC687B82-1CE8-45FA-9E3C-46678E0FF1A9}
	EndGlobalSection
EndGlobal
