
Microsoft Visual Studio Solution File, Format Version 12.00
# Visual Studio Version 17
VisualStudioVersion = 17.7.34031.279
MinimumVisualStudioVersion = 10.0.40219.1
Project("{FAE04EC0-301F-11D3-BF4B-00C04F79EFBC}") = "2.AddTwoNumbers", "2.AddTwoNumbers.csproj", "{81F4EF8D-B0B4-4F9C-8A45-6AC7BD3FCC8D}"
EndProject
Global
	GlobalSection(SolutionConfigurationPlatforms) = preSolution
		Debug|Any CPU = Debug|Any CPU
		Release|Any CPU = Release|Any CPU
	EndGlobalSection
	GlobalSection(ProjectConfigurationPlatforms) = postSolution
		{81F4EF8D-B0B4-4F9C-8A45-6AC7BD3FCC8D}.Debug|Any CPU.ActiveCfg = Debug|Any CPU
		{81F4EF8D-B0B4-4F9C-8A45-6AC7BD3FCC8D}.Debug|Any CPU.Build.0 = Debug|Any CPU
		{81F4EF8D-B0B4-4F9C-8A45-6AC7BD3FCC8D}.Release|Any CPU.ActiveCfg = Release|Any CPU
		{81F4EF8D-B0B4-4F9C-8A45-6AC7BD3FCC8D}.Release|Any CPU.Build.0 = Release|Any CPU
	EndGlobalSection
	GlobalSection(SolutionProperties) = preSolution
		HideSolutionNode = FALSE
	EndGlobalSection
	GlobalSection(ExtensibilityGlobals) = postSolution
		SolutionGuid = {FB32034C-D76F-4D1F-93CA-344490BBBEC9}
	EndGlobalSection
EndGlobal
