
Microsoft Visual Studio Solution File, Format Version 12.00
# Visual Studio Version 17
VisualStudioVersion = 17.7.34031.279
MinimumVisualStudioVersion = 10.0.40219.1
Project("{FAE04EC0-301F-11D3-BF4B-00C04F79EFBC}") = "01.DefineAnInterfaceIPerson", "01.DefineAnInterfaceIPerson\01.DefineAnInterfaceIPerson.csproj", "{EECB0F40-0C69-4E3C-9F8E-8FB9435A8D20}"
EndProject
Project("{FAE04EC0-301F-11D3-BF4B-00C04F79EFBC}") = "02.MultipleImplementation", "02.MultipleImplementation\02.MultipleImplementation.csproj", "{B92948E4-247C-4CB1-907B-1781608324DD}"
EndProject
Project("{FAE04EC0-301F-11D3-BF4B-00C04F79EFBC}") = "03.Telephony", "03.Telephony\03.Telephony.csproj", "{68F558A5-87E2-4FDA-A03F-EF99A5C47B0A}"
EndProject
Project("{FAE04EC0-301F-11D3-BF4B-00C04F79EFBC}") = "04.BorderControl", "04.BorderControl\04.BorderControl.csproj", "{853D8620-DAA6-41E9-AAE1-1EC41B8FB6CD}"
EndProject
Project("{FAE04EC0-301F-11D3-BF4B-00C04F79EFBC}") = "05.BirthdayCelebrations", "05.BirthdayCelebrations\05.BirthdayCelebrations.csproj", "{0DD38AFB-21A7-44A2-A361-60C30B7DB558}"
EndProject
Project("{FAE04EC0-301F-11D3-BF4B-00C04F79EFBC}") = "06.FoodShortage", "06.FoodShortage\06.FoodShortage.csproj", "{1774AAC6-E6EC-4E84-BD8E-87339EB201F8}"
EndProject
Global
	GlobalSection(SolutionConfigurationPlatforms) = preSolution
		Debug|Any CPU = Debug|Any CPU
		Release|Any CPU = Release|Any CPU
	EndGlobalSection
	GlobalSection(ProjectConfigurationPlatforms) = postSolution
		{EECB0F40-0C69-4E3C-9F8E-8FB9435A8D20}.Debug|Any CPU.ActiveCfg = Debug|Any CPU
		{EECB0F40-0C69-4E3C-9F8E-8FB9435A8D20}.Debug|Any CPU.Build.0 = Debug|Any CPU
		{EECB0F40-0C69-4E3C-9F8E-8FB9435A8D20}.Release|Any CPU.ActiveCfg = Release|Any CPU
		{EECB0F40-0C69-4E3C-9F8E-8FB9435A8D20}.Release|Any CPU.Build.0 = Release|Any CPU
		{B92948E4-247C-4CB1-907B-1781608324DD}.Debug|Any CPU.ActiveCfg = Debug|Any CPU
		{B92948E4-247C-4CB1-907B-1781608324DD}.Debug|Any CPU.Build.0 = Debug|Any CPU
		{B92948E4-247C-4CB1-907B-1781608324DD}.Release|Any CPU.ActiveCfg = Release|Any CPU
		{B92948E4-247C-4CB1-907B-1781608324DD}.Release|Any CPU.Build.0 = Release|Any CPU
		{68F558A5-87E2-4FDA-A03F-EF99A5C47B0A}.Debug|Any CPU.ActiveCfg = Debug|Any CPU
		{68F558A5-87E2-4FDA-A03F-EF99A5C47B0A}.Debug|Any CPU.Build.0 = Debug|Any CPU
		{68F558A5-87E2-4FDA-A03F-EF99A5C47B0A}.Release|Any CPU.ActiveCfg = Release|Any CPU
		{68F558A5-87E2-4FDA-A03F-EF99A5C47B0A}.Release|Any CPU.Build.0 = Release|Any CPU
		{853D8620-DAA6-41E9-AAE1-1EC41B8FB6CD}.Debug|Any CPU.ActiveCfg = Debug|Any CPU
		{853D8620-DAA6-41E9-AAE1-1EC41B8FB6CD}.Debug|Any CPU.Build.0 = Debug|Any CPU
		{853D8620-DAA6-41E9-AAE1-1EC41B8FB6CD}.Release|Any CPU.ActiveCfg = Release|Any CPU
		{853D8620-DAA6-41E9-AAE1-1EC41B8FB6CD}.Release|Any CPU.Build.0 = Release|Any CPU
		{0DD38AFB-21A7-44A2-A361-60C30B7DB558}.Debug|Any CPU.ActiveCfg = Debug|Any CPU
		{0DD38AFB-21A7-44A2-A361-60C30B7DB558}.Debug|Any CPU.Build.0 = Debug|Any CPU
		{0DD38AFB-21A7-44A2-A361-60C30B7DB558}.Release|Any CPU.ActiveCfg = Release|Any CPU
		{0DD38AFB-21A7-44A2-A361-60C30B7DB558}.Release|Any CPU.Build.0 = Release|Any CPU
		{1774AAC6-E6EC-4E84-BD8E-87339EB201F8}.Debug|Any CPU.ActiveCfg = Debug|Any CPU
		{1774AAC6-E6EC-4E84-BD8E-87339EB201F8}.Debug|Any CPU.Build.0 = Debug|Any CPU
		{1774AAC6-E6EC-4E84-BD8E-87339EB201F8}.Release|Any CPU.ActiveCfg = Release|Any CPU
		{1774AAC6-E6EC-4E84-BD8E-87339EB201F8}.Release|Any CPU.Build.0 = Release|Any CPU
	EndGlobalSection
	GlobalSection(SolutionProperties) = preSolution
		HideSolutionNode = FALSE
	EndGlobalSection
	GlobalSection(ExtensibilityGlobals) = postSolution
		SolutionGuid = {A66DE382-291F-48FC-B1A9-7C73382C507C}
	EndGlobalSection
EndGlobal
