
Microsoft Visual Studio Solution File, Format Version 12.00
# Visual Studio Version 17
VisualStudioVersion = 17.7.34031.279
MinimumVisualStudioVersion = 10.0.40219.1
Project("{FAE04EC0-301F-11D3-BF4B-00C04F79EFBC}") = "01.DefineAnInterfaceIPerson", "01.DefineAnInterfaceIPerson\01.DefineAnInterfaceIPerson.csproj", "{EECB0F40-0C69-4E3C-9F8E-8FB9435A8D20}"
EndProject
Global
	GlobalSection(SolutionConfigurationPlatforms) = preSolution
		Debug|Any CPU = Debug|Any CPU
		Release|Any CPU = Release|Any CPU
	EndGlobalSection
	GlobalSection(ProjectConfigurationPlatforms) = postSolution
		{EECB0F40-0C69-4E3C-9F8E-8FB9435A8D20}.Debug|Any CPU.ActiveCfg = Debug|Any CPU
		{EECB0F40-0C69-4E3C-9F8E-8FB9435A8D20}.Debug|Any CPU.Build.0 = Debug|Any CPU
		{EECB0F40-0C69-4E3C-9F8E-8FB9435A8D20}.Release|Any CPU.ActiveCfg = Release|Any CPU
		{EECB0F40-0C69-4E3C-9F8E-8FB9435A8D20}.Release|Any CPU.Build.0 = Release|Any CPU
	EndGlobalSection
	GlobalSection(SolutionProperties) = preSolution
		HideSolutionNode = FALSE
	EndGlobalSection
	GlobalSection(ExtensibilityGlobals) = postSolution
		SolutionGuid = {A66DE382-291F-48FC-B1A9-7C73382C507C}
	EndGlobalSection
EndGlobal
