
Microsoft Visual Studio Solution File, Format Version 12.00
# Visual Studio Version 17
VisualStudioVersion = 17.8.34322.80
MinimumVisualStudioVersion = 10.0.40219.1
Project("{FAE04EC0-301F-11D3-BF4B-00C04F79EFBC}") = "01.OffroadChallenge", "01.OffroadChallenge\01.OffroadChallenge.csproj", "{612FC634-2BA9-4509-8989-430AC3471975}"
EndProject
Project("{FAE04EC0-301F-11D3-BF4B-00C04F79EFBC}") = "MailClient", "03.MailClient\MailClient.csproj", "{F9CB99CB-DB84-4E6F-B297-55C523430B25}"
EndProject
Project("{FAE04EC0-301F-11D3-BF4B-00C04F79EFBC}") = "02.FishingCompetition", "02.FishingCompetition\02.FishingCompetition.csproj", "{0D63A357-FF08-4742-8D63-D7652D939BD0}"
EndProject
Global
	GlobalSection(SolutionConfigurationPlatforms) = preSolution
		Debug|Any CPU = Debug|Any CPU
		Release|Any CPU = Release|Any CPU
	EndGlobalSection
	GlobalSection(ProjectConfigurationPlatforms) = postSolution
		{612FC634-2BA9-4509-8989-430AC3471975}.Debug|Any CPU.ActiveCfg = Debug|Any CPU
		{612FC634-2BA9-4509-8989-430AC3471975}.Debug|Any CPU.Build.0 = Debug|Any CPU
		{612FC634-2BA9-4509-8989-430AC3471975}.Release|Any CPU.ActiveCfg = Release|Any CPU
		{612FC634-2BA9-4509-8989-430AC3471975}.Release|Any CPU.Build.0 = Release|Any CPU
		{F9CB99CB-DB84-4E6F-B297-55C523430B25}.Debug|Any CPU.ActiveCfg = Debug|Any CPU
		{F9CB99CB-DB84-4E6F-B297-55C523430B25}.Debug|Any CPU.Build.0 = Debug|Any CPU
		{F9CB99CB-DB84-4E6F-B297-55C523430B25}.Release|Any CPU.ActiveCfg = Release|Any CPU
		{F9CB99CB-DB84-4E6F-B297-55C523430B25}.Release|Any CPU.Build.0 = Release|Any CPU
		{0D63A357-FF08-4742-8D63-D7652D939BD0}.Debug|Any CPU.ActiveCfg = Debug|Any CPU
		{0D63A357-FF08-4742-8D63-D7652D939BD0}.Debug|Any CPU.Build.0 = Debug|Any CPU
		{0D63A357-FF08-4742-8D63-D7652D939BD0}.Release|Any CPU.ActiveCfg = Release|Any CPU
		{0D63A357-FF08-4742-8D63-D7652D939BD0}.Release|Any CPU.Build.0 = Release|Any CPU
	EndGlobalSection
	GlobalSection(SolutionProperties) = preSolution
		HideSolutionNode = FALSE
	EndGlobalSection
	GlobalSection(ExtensibilityGlobals) = postSolution
		SolutionGuid = {5E6B9E04-0E16-4A59-83E0-744BD13CA523}
	EndGlobalSection
EndGlobal
