
Microsoft Visual Studio Solution File, Format Version 12.00
# Visual Studio Version 17
VisualStudioVersion = 17.7.34202.233
MinimumVisualStudioVersion = 10.0.40219.1
Project("{FAE04EC0-301F-11D3-BF4B-00C04F79EFBC}") = "01.SingleInheritance", "01.SingleInheritance\01.SingleInheritance.csproj", "{09E82917-7D6D-4999-A5CB-FEECD7F5DA40}"
EndProject
Global
	GlobalSection(SolutionConfigurationPlatforms) = preSolution
		Debug|Any CPU = Debug|Any CPU
		Release|Any CPU = Release|Any CPU
	EndGlobalSection
	GlobalSection(ProjectConfigurationPlatforms) = postSolution
		{09E82917-7D6D-4999-A5CB-FEECD7F5DA40}.Debug|Any CPU.ActiveCfg = Debug|Any CPU
		{09E82917-7D6D-4999-A5CB-FEECD7F5DA40}.Debug|Any CPU.Build.0 = Debug|Any CPU
		{09E82917-7D6D-4999-A5CB-FEECD7F5DA40}.Release|Any CPU.ActiveCfg = Release|Any CPU
		{09E82917-7D6D-4999-A5CB-FEECD7F5DA40}.Release|Any CPU.Build.0 = Release|Any CPU
	EndGlobalSection
	GlobalSection(SolutionProperties) = preSolution
		HideSolutionNode = FALSE
	EndGlobalSection
	GlobalSection(ExtensibilityGlobals) = postSolution
		SolutionGuid = {D55EBAC8-7B81-45C8-AF76-AA166C3BA66C}
	EndGlobalSection
EndGlobal
