
Microsoft Visual Studio Solution File, Format Version 12.00
# Visual Studio Version 17
VisualStudioVersion = 17.7.34202.233
MinimumVisualStudioVersion = 10.0.40219.1
Project("{FAE04EC0-301F-11D3-BF4B-00C04F79EFBC}") = "01.Persons", "01.Persons\01.Persons.csproj", "{AE25F0E3-EA51-4F75-B8F5-BA9543B47F16}"
EndProject
Project("{FAE04EC0-301F-11D3-BF4B-00C04F79EFBC}") = "02.Salary", "02.Salary\02.Salary.csproj", "{47D7EDB1-FB02-423F-8B2C-BA960D3279A9}"
EndProject
Global
	GlobalSection(SolutionConfigurationPlatforms) = preSolution
		Debug|Any CPU = Debug|Any CPU
		Release|Any CPU = Release|Any CPU
	EndGlobalSection
	GlobalSection(ProjectConfigurationPlatforms) = postSolution
		{AE25F0E3-EA51-4F75-B8F5-BA9543B47F16}.Debug|Any CPU.ActiveCfg = Debug|Any CPU
		{AE25F0E3-EA51-4F75-B8F5-BA9543B47F16}.Debug|Any CPU.Build.0 = Debug|Any CPU
		{AE25F0E3-EA51-4F75-B8F5-BA9543B47F16}.Release|Any CPU.ActiveCfg = Release|Any CPU
		{AE25F0E3-EA51-4F75-B8F5-BA9543B47F16}.Release|Any CPU.Build.0 = Release|Any CPU
		{47D7EDB1-FB02-423F-8B2C-BA960D3279A9}.Debug|Any CPU.ActiveCfg = Debug|Any CPU
		{47D7EDB1-FB02-423F-8B2C-BA960D3279A9}.Debug|Any CPU.Build.0 = Debug|Any CPU
		{47D7EDB1-FB02-423F-8B2C-BA960D3279A9}.Release|Any CPU.ActiveCfg = Release|Any CPU
		{47D7EDB1-FB02-423F-8B2C-BA960D3279A9}.Release|Any CPU.Build.0 = Release|Any CPU
	EndGlobalSection
	GlobalSection(SolutionProperties) = preSolution
		HideSolutionNode = FALSE
	EndGlobalSection
	GlobalSection(ExtensibilityGlobals) = postSolution
		SolutionGuid = {15A6E650-7DB8-41EE-86BC-73BBA3F5CBEB}
	EndGlobalSection
EndGlobal
