
Microsoft Visual Studio Solution File, Format Version 12.00
# Visual Studio Version 17
VisualStudioVersion = 17.7.34031.279
MinimumVisualStudioVersion = 10.0.40219.1
Project("{9A19103F-16F7-4668-BE54-9A1E7A4F7556}") = "01.RecursiveArraySum", "01.RecursiveArraySum\01.RecursiveArraySum.csproj", "{3846AF4A-B220-4F4D-947C-F4F91C1CCC3D}"
EndProject
Project("{FAE04EC0-301F-11D3-BF4B-00C04F79EFBC}") = "02.RecursiveFactorial", "02.RecursiveFactorial\02.RecursiveFactorial.csproj", "{EDEF5E52-C281-43CE-A522-0B7B3B557E11}"
EndProject
Project("{FAE04EC0-301F-11D3-BF4B-00C04F79EFBC}") = "03.SumOfCoins", "03.SumOfCoins\03.SumOfCoins.csproj", "{A689DDA7-40D2-496B-8A6E-3598D47669D0}"
EndProject
Global
	GlobalSection(SolutionConfigurationPlatforms) = preSolution
		Debug|Any CPU = Debug|Any CPU
		Release|Any CPU = Release|Any CPU
	EndGlobalSection
	GlobalSection(ProjectConfigurationPlatforms) = postSolution
		{3846AF4A-B220-4F4D-947C-F4F91C1CCC3D}.Debug|Any CPU.ActiveCfg = Debug|Any CPU
		{3846AF4A-B220-4F4D-947C-F4F91C1CCC3D}.Debug|Any CPU.Build.0 = Debug|Any CPU
		{3846AF4A-B220-4F4D-947C-F4F91C1CCC3D}.Release|Any CPU.ActiveCfg = Release|Any CPU
		{3846AF4A-B220-4F4D-947C-F4F91C1CCC3D}.Release|Any CPU.Build.0 = Release|Any CPU
		{EDEF5E52-C281-43CE-A522-0B7B3B557E11}.Debug|Any CPU.ActiveCfg = Debug|Any CPU
		{EDEF5E52-C281-43CE-A522-0B7B3B557E11}.Debug|Any CPU.Build.0 = Debug|Any CPU
		{EDEF5E52-C281-43CE-A522-0B7B3B557E11}.Release|Any CPU.ActiveCfg = Release|Any CPU
		{EDEF5E52-C281-43CE-A522-0B7B3B557E11}.Release|Any CPU.Build.0 = Release|Any CPU
		{A689DDA7-40D2-496B-8A6E-3598D47669D0}.Debug|Any CPU.ActiveCfg = Debug|Any CPU
		{A689DDA7-40D2-496B-8A6E-3598D47669D0}.Debug|Any CPU.Build.0 = Debug|Any CPU
		{A689DDA7-40D2-496B-8A6E-3598D47669D0}.Release|Any CPU.ActiveCfg = Release|Any CPU
		{A689DDA7-40D2-496B-8A6E-3598D47669D0}.Release|Any CPU.Build.0 = Release|Any CPU
	EndGlobalSection
	GlobalSection(SolutionProperties) = preSolution
		HideSolutionNode = FALSE
	EndGlobalSection
	GlobalSection(ExtensibilityGlobals) = postSolution
		SolutionGuid = {4FDC2588-0510-4DCF-902D-2DD450E5358F}
	EndGlobalSection
EndGlobal
