
Microsoft Visual Studio Solution File, Format Version 12.00
# Visual Studio Version 17
VisualStudioVersion = 17.7.34031.279
MinimumVisualStudioVersion = 10.0.40219.1
Project("{FAE04EC0-301F-11D3-BF4B-00C04F79EFBC}") = "01.Person", "01.Person\01.Person.csproj", "{336FFEC4-1D5B-4101-9A7D-C0822AEB30ED}"
EndProject
Project("{FAE04EC0-301F-11D3-BF4B-00C04F79EFBC}") = "02.Zoo", "02.Zoo\02.Zoo.csproj", "{5730965C-255C-4F0D-B45F-A75C04485359}"
EndProject
Project("{FAE04EC0-301F-11D3-BF4B-00C04F79EFBC}") = "03.PlayersAndMonsters", "03.PlayersAndMonsters\03.PlayersAndMonsters.csproj", "{D38D41CE-681B-4EC4-81C2-6CC224D41191}"
EndProject
Global
	GlobalSection(SolutionConfigurationPlatforms) = preSolution
		Debug|Any CPU = Debug|Any CPU
		Release|Any CPU = Release|Any CPU
	EndGlobalSection
	GlobalSection(ProjectConfigurationPlatforms) = postSolution
		{336FFEC4-1D5B-4101-9A7D-C0822AEB30ED}.Debug|Any CPU.ActiveCfg = Debug|Any CPU
		{336FFEC4-1D5B-4101-9A7D-C0822AEB30ED}.Debug|Any CPU.Build.0 = Debug|Any CPU
		{336FFEC4-1D5B-4101-9A7D-C0822AEB30ED}.Release|Any CPU.ActiveCfg = Release|Any CPU
		{336FFEC4-1D5B-4101-9A7D-C0822AEB30ED}.Release|Any CPU.Build.0 = Release|Any CPU
		{5730965C-255C-4F0D-B45F-A75C04485359}.Debug|Any CPU.ActiveCfg = Debug|Any CPU
		{5730965C-255C-4F0D-B45F-A75C04485359}.Debug|Any CPU.Build.0 = Debug|Any CPU
		{5730965C-255C-4F0D-B45F-A75C04485359}.Release|Any CPU.ActiveCfg = Release|Any CPU
		{5730965C-255C-4F0D-B45F-A75C04485359}.Release|Any CPU.Build.0 = Release|Any CPU
		{D38D41CE-681B-4EC4-81C2-6CC224D41191}.Debug|Any CPU.ActiveCfg = Debug|Any CPU
		{D38D41CE-681B-4EC4-81C2-6CC224D41191}.Debug|Any CPU.Build.0 = Debug|Any CPU
		{D38D41CE-681B-4EC4-81C2-6CC224D41191}.Release|Any CPU.ActiveCfg = Release|Any CPU
		{D38D41CE-681B-4EC4-81C2-6CC224D41191}.Release|Any CPU.Build.0 = Release|Any CPU
	EndGlobalSection
	GlobalSection(SolutionProperties) = preSolution
		HideSolutionNode = FALSE
	EndGlobalSection
	GlobalSection(ExtensibilityGlobals) = postSolution
		SolutionGuid = {AC227D8C-F932-4272-A584-C04F3CA27008}
	EndGlobalSection
EndGlobal
