
Microsoft Visual Studio Solution File, Format Version 12.00
# Visual Studio Version 17
VisualStudioVersion = 17.7.34202.233
MinimumVisualStudioVersion = 10.0.40219.1
Project("{FAE04EC0-301F-11D3-BF4B-00C04F79EFBC}") = "01.ListyIterator", "01.ListyIterator\01.ListyIterator.csproj", "{F79CA27C-AD46-490F-95F5-814289C52286}"
EndProject
Project("{FAE04EC0-301F-11D3-BF4B-00C04F79EFBC}") = "02.Collection", "02.Collection\02.Collection.csproj", "{EAF2908A-C575-4FB1-BB34-37C0EAF9C4FE}"
EndProject
Project("{FAE04EC0-301F-11D3-BF4B-00C04F79EFBC}") = "03.Stack", "03.Stack\03.Stack.csproj", "{18628C90-7D3F-4439-9898-C349C7AAD50A}"
EndProject
Project("{FAE04EC0-301F-11D3-BF4B-00C04F79EFBC}") = "04.Froggy", "04.Froggy\04.Froggy.csproj", "{77971C9F-2C45-43D5-8B58-0F4B5393B1D8}"
EndProject
Project("{FAE04EC0-301F-11D3-BF4B-00C04F79EFBC}") = "05.ComparingObjects", "05.ComparingObjects\05.ComparingObjects.csproj", "{D809A381-D158-48AD-86B9-CCF1B5B56827}"
EndProject
Global
	GlobalSection(SolutionConfigurationPlatforms) = preSolution
		Debug|Any CPU = Debug|Any CPU
		Release|Any CPU = Release|Any CPU
	EndGlobalSection
	GlobalSection(ProjectConfigurationPlatforms) = postSolution
		{F79CA27C-AD46-490F-95F5-814289C52286}.Debug|Any CPU.ActiveCfg = Debug|Any CPU
		{F79CA27C-AD46-490F-95F5-814289C52286}.Debug|Any CPU.Build.0 = Debug|Any CPU
		{F79CA27C-AD46-490F-95F5-814289C52286}.Release|Any CPU.ActiveCfg = Release|Any CPU
		{F79CA27C-AD46-490F-95F5-814289C52286}.Release|Any CPU.Build.0 = Release|Any CPU
		{EAF2908A-C575-4FB1-BB34-37C0EAF9C4FE}.Debug|Any CPU.ActiveCfg = Debug|Any CPU
		{EAF2908A-C575-4FB1-BB34-37C0EAF9C4FE}.Debug|Any CPU.Build.0 = Debug|Any CPU
		{EAF2908A-C575-4FB1-BB34-37C0EAF9C4FE}.Release|Any CPU.ActiveCfg = Release|Any CPU
		{EAF2908A-C575-4FB1-BB34-37C0EAF9C4FE}.Release|Any CPU.Build.0 = Release|Any CPU
		{18628C90-7D3F-4439-9898-C349C7AAD50A}.Debug|Any CPU.ActiveCfg = Debug|Any CPU
		{18628C90-7D3F-4439-9898-C349C7AAD50A}.Debug|Any CPU.Build.0 = Debug|Any CPU
		{18628C90-7D3F-4439-9898-C349C7AAD50A}.Release|Any CPU.ActiveCfg = Release|Any CPU
		{18628C90-7D3F-4439-9898-C349C7AAD50A}.Release|Any CPU.Build.0 = Release|Any CPU
		{77971C9F-2C45-43D5-8B58-0F4B5393B1D8}.Debug|Any CPU.ActiveCfg = Debug|Any CPU
		{77971C9F-2C45-43D5-8B58-0F4B5393B1D8}.Debug|Any CPU.Build.0 = Debug|Any CPU
		{77971C9F-2C45-43D5-8B58-0F4B5393B1D8}.Release|Any CPU.ActiveCfg = Release|Any CPU
		{77971C9F-2C45-43D5-8B58-0F4B5393B1D8}.Release|Any CPU.Build.0 = Release|Any CPU
		{D809A381-D158-48AD-86B9-CCF1B5B56827}.Debug|Any CPU.ActiveCfg = Debug|Any CPU
		{D809A381-D158-48AD-86B9-CCF1B5B56827}.Debug|Any CPU.Build.0 = Debug|Any CPU
		{D809A381-D158-48AD-86B9-CCF1B5B56827}.Release|Any CPU.ActiveCfg = Release|Any CPU
		{D809A381-D158-48AD-86B9-CCF1B5B56827}.Release|Any CPU.Build.0 = Release|Any CPU
	EndGlobalSection
	GlobalSection(SolutionProperties) = preSolution
		HideSolutionNode = FALSE
	EndGlobalSection
	GlobalSection(ExtensibilityGlobals) = postSolution
		SolutionGuid = {692411A7-D280-4E52-B002-58BAD2F129F5}
	EndGlobalSection
EndGlobal
