
Microsoft Visual Studio Solution File, Format Version 12.00
# Visual Studio Version 17
VisualStudioVersion = 17.7.34031.279
MinimumVisualStudioVersion = 10.0.40219.1
Project("{FAE04EC0-301F-11D3-BF4B-00C04F79EFBC}") = "01.Shapes", "01.Shapes\01.Shapes.csproj", "{8FE35608-8047-4BD5-A38B-7051C1219712}"
EndProject
Global
	GlobalSection(SolutionConfigurationPlatforms) = preSolution
		Debug|Any CPU = Debug|Any CPU
		Release|Any CPU = Release|Any CPU
	EndGlobalSection
	GlobalSection(ProjectConfigurationPlatforms) = postSolution
		{8FE35608-8047-4BD5-A38B-7051C1219712}.Debug|Any CPU.ActiveCfg = Debug|Any CPU
		{8FE35608-8047-4BD5-A38B-7051C1219712}.Debug|Any CPU.Build.0 = Debug|Any CPU
		{8FE35608-8047-4BD5-A38B-7051C1219712}.Release|Any CPU.ActiveCfg = Release|Any CPU
		{8FE35608-8047-4BD5-A38B-7051C1219712}.Release|Any CPU.Build.0 = Release|Any CPU
	EndGlobalSection
	GlobalSection(SolutionProperties) = preSolution
		HideSolutionNode = FALSE
	EndGlobalSection
	GlobalSection(ExtensibilityGlobals) = postSolution
		SolutionGuid = {4CC57EE4-848B-4437-BDA3-25D436AFB8F7}
	EndGlobalSection
EndGlobal
